
Microsoft Visual Studio Solution File, Format Version 12.00
# Visual Studio 14
VisualStudioVersion = 14.0.25420.1
MinimumVisualStudioVersion = 10.0.40219.1
Project("{2150E333-8FDC-42A3-9474-1A3956D46DE8}") = "Common", "Common", "{C452A2D9-C10D-487C-8004-22C90652D0F3}"
EndProject
Project("{FAE04EC0-301F-11D3-BF4B-00C04F79EFBC}") = "Acquaint.Data", "Common\Acquaint.Data\Acquaint.Data.csproj", "{5A3530AB-4053-4CF3-BEDE-A3E04C45D255}"
EndProject
Project("{FAE04EC0-301F-11D3-BF4B-00C04F79EFBC}") = "Acquaint.Util", "Common\Acquaint.Util\Acquaint.Util.csproj", "{1D18D929-1B53-4AF9-9499-14ABB26D257F}"
EndProject
Project("{FAE04EC0-301F-11D3-BF4B-00C04F79EFBC}") = "Acquaint.Common.Droid", "Common\Acquaint.Common.Droid\Acquaint.Common.Droid.csproj", "{1C2073B0-B1E6-4D3B-9D10-B0F278C671E4}"
EndProject
Project("{FAE04EC0-301F-11D3-BF4B-00C04F79EFBC}") = "Acquaint.Common.iOS", "Common\Acquaint.Common.iOS\Acquaint.Common.iOS.csproj", "{D480A440-318D-4CD2-A662-17D6179B14DE}"
EndProject
Project("{FAE04EC0-301F-11D3-BF4B-00C04F79EFBC}") = "Acquaint.Models", "Common\Acquaint.Models\Acquaint.Models.csproj", "{2C4B0766-DF89-4466-B841-0BA58FD9D19B}"
EndProject
Project("{FAE04EC0-301F-11D3-BF4B-00C04F79EFBC}") = "Acquaint.Abstractions", "Common\Acquaint.Abstractions\Acquaint.Abstractions.csproj", "{0B984675-688B-41C6-BEB7-D104DE9158C3}"
EndProject
Project("{2150E333-8FDC-42A3-9474-1A3956D46DE8}") = "WasAppNamespace", "WasAppNamespace", "{28305A31-DC3F-4B74-BF51-B6002B76530A}"
EndProject
Project("{FAE04EC0-301F-11D3-BF4B-00C04F79EFBC}") = "WasAppNamespace", "WasAppNamespace\WasAppNamespace\WasAppNamespace.csproj", "{15C900F1-B137-4C18-8EDE-B47CC38A29F6}"
EndProject
Project("{FAE04EC0-301F-11D3-BF4B-00C04F79EFBC}") = "WasAppNamespace.Droid", "WasAppNamespace\WasAppNamespace.Droid\WasAppNamespace.Droid.csproj", "{BEA6223D-5769-4151-B40D-87FE22E4EABF}"
EndProject
Project("{FAE04EC0-301F-11D3-BF4B-00C04F79EFBC}") = "WasAppNamespace.iOS", "WasAppNamespace\WasAppNamespace.iOS\WasAppNamespace.iOS.csproj", "{56EC8D4C-E427-46FC-97E0-D9388C384105}"
EndProject
Project("{FAE04EC0-301F-11D3-BF4B-00C04F79EFBC}") = "WasAppNamespace.UWP", "WasAppNamespace\WasAppNamespace.UWP\WasAppNamespace.UWP.csproj", "{7C802F39-C442-4C34-85B4-6CA4A26ACCBB}"
EndProject
Project("{FAE04EC0-301F-11D3-BF4B-00C04F79EFBC}") = "Acquaint.ModelContracts", "Common\Acquaint.ModelContracts\Acquaint.ModelContracts.csproj", "{ED10B823-AA77-4142-919F-6A42C4D087A9}"
EndProject
Global
	GlobalSection(SolutionConfigurationPlatforms) = preSolution
		AppStore|Any CPU = AppStore|Any CPU
		AppStore|ARM = AppStore|ARM
		AppStore|iPhone = AppStore|iPhone
		AppStore|iPhoneSimulator = AppStore|iPhoneSimulator
		AppStore|x64 = AppStore|x64
		AppStore|x86 = AppStore|x86
		Debug|Any CPU = Debug|Any CPU
		Debug|ARM = Debug|ARM
		Debug|iPhone = Debug|iPhone
		Debug|iPhoneSimulator = Debug|iPhoneSimulator
		Debug|x64 = Debug|x64
		Debug|x86 = Debug|x86
		Release|Any CPU = Release|Any CPU
		Release|ARM = Release|ARM
		Release|iPhone = Release|iPhone
		Release|iPhoneSimulator = Release|iPhoneSimulator
		Release|x64 = Release|x64
		Release|x86 = Release|x86
	EndGlobalSection
	GlobalSection(ProjectConfigurationPlatforms) = postSolution
		{55CEDCD6-E2D6-48EB-B9C6-A0E74016DCE0}.AppStore|Any CPU.ActiveCfg = Release|Any CPU
		{55CEDCD6-E2D6-48EB-B9C6-A0E74016DCE0}.AppStore|Any CPU.Build.0 = Release|Any CPU
		{55CEDCD6-E2D6-48EB-B9C6-A0E74016DCE0}.AppStore|ARM.ActiveCfg = Release|Any CPU
		{55CEDCD6-E2D6-48EB-B9C6-A0E74016DCE0}.AppStore|ARM.Build.0 = Release|Any CPU
		{55CEDCD6-E2D6-48EB-B9C6-A0E74016DCE0}.AppStore|iPhone.ActiveCfg = Release|Any CPU
		{55CEDCD6-E2D6-48EB-B9C6-A0E74016DCE0}.AppStore|iPhone.Build.0 = Release|Any CPU
		{55CEDCD6-E2D6-48EB-B9C6-A0E74016DCE0}.AppStore|iPhoneSimulator.ActiveCfg = Release|Any CPU
		{55CEDCD6-E2D6-48EB-B9C6-A0E74016DCE0}.AppStore|iPhoneSimulator.Build.0 = Release|Any CPU
		{55CEDCD6-E2D6-48EB-B9C6-A0E74016DCE0}.AppStore|x64.ActiveCfg = Release|Any CPU
		{55CEDCD6-E2D6-48EB-B9C6-A0E74016DCE0}.AppStore|x64.Build.0 = Release|Any CPU
		{55CEDCD6-E2D6-48EB-B9C6-A0E74016DCE0}.AppStore|x86.ActiveCfg = Release|Any CPU
		{55CEDCD6-E2D6-48EB-B9C6-A0E74016DCE0}.AppStore|x86.Build.0 = Release|Any CPU
		{55CEDCD6-E2D6-48EB-B9C6-A0E74016DCE0}.Debug|Any CPU.ActiveCfg = Debug|Any CPU
		{55CEDCD6-E2D6-48EB-B9C6-A0E74016DCE0}.Debug|Any CPU.Build.0 = Debug|Any CPU
		{55CEDCD6-E2D6-48EB-B9C6-A0E74016DCE0}.Debug|ARM.ActiveCfg = Debug|Any CPU
		{55CEDCD6-E2D6-48EB-B9C6-A0E74016DCE0}.Debug|ARM.Build.0 = Debug|Any CPU
		{55CEDCD6-E2D6-48EB-B9C6-A0E74016DCE0}.Debug|iPhone.ActiveCfg = Debug|Any CPU
		{55CEDCD6-E2D6-48EB-B9C6-A0E74016DCE0}.Debug|iPhone.Build.0 = Debug|Any CPU
		{55CEDCD6-E2D6-48EB-B9C6-A0E74016DCE0}.Debug|iPhoneSimulator.ActiveCfg = Debug|Any CPU
		{55CEDCD6-E2D6-48EB-B9C6-A0E74016DCE0}.Debug|iPhoneSimulator.Build.0 = Debug|Any CPU
		{55CEDCD6-E2D6-48EB-B9C6-A0E74016DCE0}.Debug|x64.ActiveCfg = Debug|Any CPU
		{55CEDCD6-E2D6-48EB-B9C6-A0E74016DCE0}.Debug|x64.Build.0 = Debug|Any CPU
		{55CEDCD6-E2D6-48EB-B9C6-A0E74016DCE0}.Debug|x86.ActiveCfg = Debug|Any CPU
		{55CEDCD6-E2D6-48EB-B9C6-A0E74016DCE0}.Debug|x86.Build.0 = Debug|Any CPU
		{55CEDCD6-E2D6-48EB-B9C6-A0E74016DCE0}.Release|Any CPU.ActiveCfg = Release|Any CPU
		{55CEDCD6-E2D6-48EB-B9C6-A0E74016DCE0}.Release|Any CPU.Build.0 = Release|Any CPU
		{55CEDCD6-E2D6-48EB-B9C6-A0E74016DCE0}.Release|ARM.ActiveCfg = Release|Any CPU
		{55CEDCD6-E2D6-48EB-B9C6-A0E74016DCE0}.Release|ARM.Build.0 = Release|Any CPU
		{55CEDCD6-E2D6-48EB-B9C6-A0E74016DCE0}.Release|iPhone.ActiveCfg = Release|Any CPU
		{55CEDCD6-E2D6-48EB-B9C6-A0E74016DCE0}.Release|iPhone.Build.0 = Release|Any CPU
		{55CEDCD6-E2D6-48EB-B9C6-A0E74016DCE0}.Release|iPhoneSimulator.ActiveCfg = Release|Any CPU
		{55CEDCD6-E2D6-48EB-B9C6-A0E74016DCE0}.Release|iPhoneSimulator.Build.0 = Release|Any CPU
		{55CEDCD6-E2D6-48EB-B9C6-A0E74016DCE0}.Release|x64.ActiveCfg = Release|Any CPU
		{55CEDCD6-E2D6-48EB-B9C6-A0E74016DCE0}.Release|x64.Build.0 = Release|Any CPU
		{55CEDCD6-E2D6-48EB-B9C6-A0E74016DCE0}.Release|x86.ActiveCfg = Release|Any CPU
		{55CEDCD6-E2D6-48EB-B9C6-A0E74016DCE0}.Release|x86.Build.0 = Release|Any CPU
		{38CAF316-C475-4099-9723-A4002F76FCD2}.AppStore|Any CPU.ActiveCfg = AppStore|iPhone
		{38CAF316-C475-4099-9723-A4002F76FCD2}.AppStore|ARM.ActiveCfg = AppStore|iPhone
		{38CAF316-C475-4099-9723-A4002F76FCD2}.AppStore|iPhone.ActiveCfg = AppStore|iPhone
		{38CAF316-C475-4099-9723-A4002F76FCD2}.AppStore|iPhone.Build.0 = AppStore|iPhone
		{38CAF316-C475-4099-9723-A4002F76FCD2}.AppStore|iPhoneSimulator.ActiveCfg = AppStore|iPhoneSimulator
		{38CAF316-C475-4099-9723-A4002F76FCD2}.AppStore|iPhoneSimulator.Build.0 = AppStore|iPhoneSimulator
		{38CAF316-C475-4099-9723-A4002F76FCD2}.AppStore|x64.ActiveCfg = AppStore|iPhone
		{38CAF316-C475-4099-9723-A4002F76FCD2}.AppStore|x86.ActiveCfg = AppStore|iPhone
		{38CAF316-C475-4099-9723-A4002F76FCD2}.Debug|Any CPU.ActiveCfg = Debug|iPhoneSimulator
		{38CAF316-C475-4099-9723-A4002F76FCD2}.Debug|Any CPU.Build.0 = Debug|iPhoneSimulator
		{38CAF316-C475-4099-9723-A4002F76FCD2}.Debug|ARM.ActiveCfg = Debug|iPhone
		{38CAF316-C475-4099-9723-A4002F76FCD2}.Debug|iPhone.ActiveCfg = Debug|iPhone
		{38CAF316-C475-4099-9723-A4002F76FCD2}.Debug|iPhone.Build.0 = Debug|iPhone
		{38CAF316-C475-4099-9723-A4002F76FCD2}.Debug|iPhoneSimulator.ActiveCfg = Debug|iPhoneSimulator
		{38CAF316-C475-4099-9723-A4002F76FCD2}.Debug|iPhoneSimulator.Build.0 = Debug|iPhoneSimulator
		{38CAF316-C475-4099-9723-A4002F76FCD2}.Debug|x64.ActiveCfg = Debug|iPhone
		{38CAF316-C475-4099-9723-A4002F76FCD2}.Debug|x86.ActiveCfg = Debug|iPhoneSimulator
		{38CAF316-C475-4099-9723-A4002F76FCD2}.Release|Any CPU.ActiveCfg = Release|iPhone
		{38CAF316-C475-4099-9723-A4002F76FCD2}.Release|ARM.ActiveCfg = Release|iPhoneSimulator
		{38CAF316-C475-4099-9723-A4002F76FCD2}.Release|iPhone.ActiveCfg = Release|iPhone
		{38CAF316-C475-4099-9723-A4002F76FCD2}.Release|iPhone.Build.0 = Release|iPhone
		{38CAF316-C475-4099-9723-A4002F76FCD2}.Release|iPhoneSimulator.ActiveCfg = Release|iPhoneSimulator
		{38CAF316-C475-4099-9723-A4002F76FCD2}.Release|iPhoneSimulator.Build.0 = Release|iPhoneSimulator
		{38CAF316-C475-4099-9723-A4002F76FCD2}.Release|x64.ActiveCfg = Release|iPhoneSimulator
		{38CAF316-C475-4099-9723-A4002F76FCD2}.Release|x86.ActiveCfg = Release|iPhone
		{186E2C95-63F1-44B9-AE99-0F436E3DADFE}.AppStore|Any CPU.ActiveCfg = Release|Any CPU
		{186E2C95-63F1-44B9-AE99-0F436E3DADFE}.AppStore|Any CPU.Build.0 = Release|Any CPU
		{186E2C95-63F1-44B9-AE99-0F436E3DADFE}.AppStore|Any CPU.Deploy.0 = Release|Any CPU
		{186E2C95-63F1-44B9-AE99-0F436E3DADFE}.AppStore|ARM.ActiveCfg = Release|Any CPU
		{186E2C95-63F1-44B9-AE99-0F436E3DADFE}.AppStore|ARM.Build.0 = Release|Any CPU
		{186E2C95-63F1-44B9-AE99-0F436E3DADFE}.AppStore|ARM.Deploy.0 = Release|Any CPU
		{186E2C95-63F1-44B9-AE99-0F436E3DADFE}.AppStore|iPhone.ActiveCfg = Release|Any CPU
		{186E2C95-63F1-44B9-AE99-0F436E3DADFE}.AppStore|iPhone.Build.0 = Release|Any CPU
		{186E2C95-63F1-44B9-AE99-0F436E3DADFE}.AppStore|iPhone.Deploy.0 = Release|Any CPU
		{186E2C95-63F1-44B9-AE99-0F436E3DADFE}.AppStore|iPhoneSimulator.ActiveCfg = Release|Any CPU
		{186E2C95-63F1-44B9-AE99-0F436E3DADFE}.AppStore|iPhoneSimulator.Build.0 = Release|Any CPU
		{186E2C95-63F1-44B9-AE99-0F436E3DADFE}.AppStore|iPhoneSimulator.Deploy.0 = Release|Any CPU
		{186E2C95-63F1-44B9-AE99-0F436E3DADFE}.AppStore|x64.ActiveCfg = Release|Any CPU
		{186E2C95-63F1-44B9-AE99-0F436E3DADFE}.AppStore|x64.Build.0 = Release|Any CPU
		{186E2C95-63F1-44B9-AE99-0F436E3DADFE}.AppStore|x64.Deploy.0 = Release|Any CPU
		{186E2C95-63F1-44B9-AE99-0F436E3DADFE}.AppStore|x86.ActiveCfg = Release|Any CPU
		{186E2C95-63F1-44B9-AE99-0F436E3DADFE}.AppStore|x86.Build.0 = Release|Any CPU
		{186E2C95-63F1-44B9-AE99-0F436E3DADFE}.AppStore|x86.Deploy.0 = Release|Any CPU
		{186E2C95-63F1-44B9-AE99-0F436E3DADFE}.Debug|Any CPU.ActiveCfg = Debug|Any CPU
		{186E2C95-63F1-44B9-AE99-0F436E3DADFE}.Debug|Any CPU.Build.0 = Debug|Any CPU
		{186E2C95-63F1-44B9-AE99-0F436E3DADFE}.Debug|Any CPU.Deploy.0 = Debug|Any CPU
		{186E2C95-63F1-44B9-AE99-0F436E3DADFE}.Debug|ARM.ActiveCfg = Debug|Any CPU
		{186E2C95-63F1-44B9-AE99-0F436E3DADFE}.Debug|ARM.Build.0 = Debug|Any CPU
		{186E2C95-63F1-44B9-AE99-0F436E3DADFE}.Debug|ARM.Deploy.0 = Debug|Any CPU
		{186E2C95-63F1-44B9-AE99-0F436E3DADFE}.Debug|iPhone.ActiveCfg = Debug|Any CPU
		{186E2C95-63F1-44B9-AE99-0F436E3DADFE}.Debug|iPhone.Build.0 = Debug|Any CPU
		{186E2C95-63F1-44B9-AE99-0F436E3DADFE}.Debug|iPhone.Deploy.0 = Debug|Any CPU
		{186E2C95-63F1-44B9-AE99-0F436E3DADFE}.Debug|iPhoneSimulator.ActiveCfg = Debug|Any CPU
		{186E2C95-63F1-44B9-AE99-0F436E3DADFE}.Debug|x64.ActiveCfg = Debug|Any CPU
		{186E2C95-63F1-44B9-AE99-0F436E3DADFE}.Debug|x64.Build.0 = Debug|Any CPU
		{186E2C95-63F1-44B9-AE99-0F436E3DADFE}.Debug|x64.Deploy.0 = Debug|Any CPU
		{186E2C95-63F1-44B9-AE99-0F436E3DADFE}.Debug|x86.ActiveCfg = Debug|Any CPU
		{186E2C95-63F1-44B9-AE99-0F436E3DADFE}.Debug|x86.Build.0 = Debug|Any CPU
		{186E2C95-63F1-44B9-AE99-0F436E3DADFE}.Debug|x86.Deploy.0 = Debug|Any CPU
		{186E2C95-63F1-44B9-AE99-0F436E3DADFE}.Release|Any CPU.ActiveCfg = Release|Any CPU
		{186E2C95-63F1-44B9-AE99-0F436E3DADFE}.Release|Any CPU.Build.0 = Release|Any CPU
		{186E2C95-63F1-44B9-AE99-0F436E3DADFE}.Release|Any CPU.Deploy.0 = Release|Any CPU
		{186E2C95-63F1-44B9-AE99-0F436E3DADFE}.Release|ARM.ActiveCfg = Release|Any CPU
		{186E2C95-63F1-44B9-AE99-0F436E3DADFE}.Release|ARM.Build.0 = Release|Any CPU
		{186E2C95-63F1-44B9-AE99-0F436E3DADFE}.Release|ARM.Deploy.0 = Release|Any CPU
		{186E2C95-63F1-44B9-AE99-0F436E3DADFE}.Release|iPhone.ActiveCfg = Release|Any CPU
		{186E2C95-63F1-44B9-AE99-0F436E3DADFE}.Release|iPhone.Build.0 = Release|Any CPU
		{186E2C95-63F1-44B9-AE99-0F436E3DADFE}.Release|iPhone.Deploy.0 = Release|Any CPU
		{186E2C95-63F1-44B9-AE99-0F436E3DADFE}.Release|iPhoneSimulator.ActiveCfg = Release|Any CPU
		{186E2C95-63F1-44B9-AE99-0F436E3DADFE}.Release|x64.ActiveCfg = Release|Any CPU
		{186E2C95-63F1-44B9-AE99-0F436E3DADFE}.Release|x64.Build.0 = Release|Any CPU
		{186E2C95-63F1-44B9-AE99-0F436E3DADFE}.Release|x64.Deploy.0 = Release|Any CPU
		{186E2C95-63F1-44B9-AE99-0F436E3DADFE}.Release|x86.ActiveCfg = Release|Any CPU
		{186E2C95-63F1-44B9-AE99-0F436E3DADFE}.Release|x86.Build.0 = Release|Any CPU
		{40F00149-A18D-4440-95C3-BC3B60EB911C}.AppStore|Any CPU.ActiveCfg = Release|x64
		{40F00149-A18D-4440-95C3-BC3B60EB911C}.AppStore|Any CPU.Build.0 = Release|x64
		{40F00149-A18D-4440-95C3-BC3B60EB911C}.AppStore|Any CPU.Deploy.0 = Release|x64
		{40F00149-A18D-4440-95C3-BC3B60EB911C}.AppStore|ARM.ActiveCfg = Release|ARM
		{40F00149-A18D-4440-95C3-BC3B60EB911C}.AppStore|ARM.Build.0 = Release|ARM
		{40F00149-A18D-4440-95C3-BC3B60EB911C}.AppStore|ARM.Deploy.0 = Release|ARM
		{40F00149-A18D-4440-95C3-BC3B60EB911C}.AppStore|iPhone.ActiveCfg = Release|x64
		{40F00149-A18D-4440-95C3-BC3B60EB911C}.AppStore|iPhone.Build.0 = Release|x64
		{40F00149-A18D-4440-95C3-BC3B60EB911C}.AppStore|iPhone.Deploy.0 = Release|x64
		{40F00149-A18D-4440-95C3-BC3B60EB911C}.AppStore|iPhoneSimulator.ActiveCfg = Release|x64
		{40F00149-A18D-4440-95C3-BC3B60EB911C}.AppStore|iPhoneSimulator.Build.0 = Release|x64
		{40F00149-A18D-4440-95C3-BC3B60EB911C}.AppStore|iPhoneSimulator.Deploy.0 = Release|x64
		{40F00149-A18D-4440-95C3-BC3B60EB911C}.AppStore|x64.ActiveCfg = Release|x64
		{40F00149-A18D-4440-95C3-BC3B60EB911C}.AppStore|x64.Build.0 = Release|x64
		{40F00149-A18D-4440-95C3-BC3B60EB911C}.AppStore|x64.Deploy.0 = Release|x64
		{40F00149-A18D-4440-95C3-BC3B60EB911C}.AppStore|x86.ActiveCfg = Release|x86
		{40F00149-A18D-4440-95C3-BC3B60EB911C}.AppStore|x86.Build.0 = Release|x86
		{40F00149-A18D-4440-95C3-BC3B60EB911C}.AppStore|x86.Deploy.0 = Release|x86
		{40F00149-A18D-4440-95C3-BC3B60EB911C}.Debug|Any CPU.ActiveCfg = Debug|x86
		{40F00149-A18D-4440-95C3-BC3B60EB911C}.Debug|Any CPU.Build.0 = Debug|x86
		{40F00149-A18D-4440-95C3-BC3B60EB911C}.Debug|Any CPU.Deploy.0 = Debug|x86
		{40F00149-A18D-4440-95C3-BC3B60EB911C}.Debug|ARM.ActiveCfg = Debug|ARM
		{40F00149-A18D-4440-95C3-BC3B60EB911C}.Debug|ARM.Build.0 = Debug|ARM
		{40F00149-A18D-4440-95C3-BC3B60EB911C}.Debug|ARM.Deploy.0 = Debug|ARM
		{40F00149-A18D-4440-95C3-BC3B60EB911C}.Debug|iPhone.ActiveCfg = Debug|x86
		{40F00149-A18D-4440-95C3-BC3B60EB911C}.Debug|iPhone.Build.0 = Debug|x86
		{40F00149-A18D-4440-95C3-BC3B60EB911C}.Debug|iPhone.Deploy.0 = Debug|x86
		{40F00149-A18D-4440-95C3-BC3B60EB911C}.Debug|iPhoneSimulator.ActiveCfg = Debug|x86
		{40F00149-A18D-4440-95C3-BC3B60EB911C}.Debug|x64.ActiveCfg = Debug|x64
		{40F00149-A18D-4440-95C3-BC3B60EB911C}.Debug|x64.Build.0 = Debug|x64
		{40F00149-A18D-4440-95C3-BC3B60EB911C}.Debug|x64.Deploy.0 = Debug|x64
		{40F00149-A18D-4440-95C3-BC3B60EB911C}.Debug|x86.ActiveCfg = Debug|x86
		{40F00149-A18D-4440-95C3-BC3B60EB911C}.Debug|x86.Build.0 = Debug|x86
		{40F00149-A18D-4440-95C3-BC3B60EB911C}.Debug|x86.Deploy.0 = Debug|x86
		{40F00149-A18D-4440-95C3-BC3B60EB911C}.Release|Any CPU.ActiveCfg = Release|x86
		{40F00149-A18D-4440-95C3-BC3B60EB911C}.Release|ARM.ActiveCfg = Release|ARM
		{40F00149-A18D-4440-95C3-BC3B60EB911C}.Release|ARM.Build.0 = Release|ARM
		{40F00149-A18D-4440-95C3-BC3B60EB911C}.Release|ARM.Deploy.0 = Release|ARM
		{40F00149-A18D-4440-95C3-BC3B60EB911C}.Release|iPhone.ActiveCfg = Release|x86
		{40F00149-A18D-4440-95C3-BC3B60EB911C}.Release|iPhone.Build.0 = Release|x86
		{40F00149-A18D-4440-95C3-BC3B60EB911C}.Release|iPhone.Deploy.0 = Release|x86
		{40F00149-A18D-4440-95C3-BC3B60EB911C}.Release|iPhoneSimulator.ActiveCfg = Release|x86
		{40F00149-A18D-4440-95C3-BC3B60EB911C}.Release|x64.ActiveCfg = Release|x64
		{40F00149-A18D-4440-95C3-BC3B60EB911C}.Release|x64.Build.0 = Release|x64
		{40F00149-A18D-4440-95C3-BC3B60EB911C}.Release|x64.Deploy.0 = Release|x64
		{40F00149-A18D-4440-95C3-BC3B60EB911C}.Release|x86.ActiveCfg = Release|x86
		{40F00149-A18D-4440-95C3-BC3B60EB911C}.Release|x86.Build.0 = Release|x86
		{40F00149-A18D-4440-95C3-BC3B60EB911C}.Release|x86.Deploy.0 = Release|x86
		{5A3530AB-4053-4CF3-BEDE-A3E04C45D255}.AppStore|Any CPU.ActiveCfg = Release|Any CPU
		{5A3530AB-4053-4CF3-BEDE-A3E04C45D255}.AppStore|Any CPU.Build.0 = Release|Any CPU
		{5A3530AB-4053-4CF3-BEDE-A3E04C45D255}.AppStore|ARM.ActiveCfg = Release|Any CPU
		{5A3530AB-4053-4CF3-BEDE-A3E04C45D255}.AppStore|ARM.Build.0 = Release|Any CPU
		{5A3530AB-4053-4CF3-BEDE-A3E04C45D255}.AppStore|iPhone.ActiveCfg = Release|Any CPU
		{5A3530AB-4053-4CF3-BEDE-A3E04C45D255}.AppStore|iPhone.Build.0 = Release|Any CPU
		{5A3530AB-4053-4CF3-BEDE-A3E04C45D255}.AppStore|iPhoneSimulator.ActiveCfg = Release|Any CPU
		{5A3530AB-4053-4CF3-BEDE-A3E04C45D255}.AppStore|iPhoneSimulator.Build.0 = Release|Any CPU
		{5A3530AB-4053-4CF3-BEDE-A3E04C45D255}.AppStore|x64.ActiveCfg = Release|Any CPU
		{5A3530AB-4053-4CF3-BEDE-A3E04C45D255}.AppStore|x64.Build.0 = Release|Any CPU
		{5A3530AB-4053-4CF3-BEDE-A3E04C45D255}.AppStore|x86.ActiveCfg = Release|Any CPU
		{5A3530AB-4053-4CF3-BEDE-A3E04C45D255}.AppStore|x86.Build.0 = Release|Any CPU
		{5A3530AB-4053-4CF3-BEDE-A3E04C45D255}.Debug|Any CPU.ActiveCfg = Debug|Any CPU
		{5A3530AB-4053-4CF3-BEDE-A3E04C45D255}.Debug|Any CPU.Build.0 = Debug|Any CPU
		{5A3530AB-4053-4CF3-BEDE-A3E04C45D255}.Debug|ARM.ActiveCfg = Debug|Any CPU
		{5A3530AB-4053-4CF3-BEDE-A3E04C45D255}.Debug|ARM.Build.0 = Debug|Any CPU
		{5A3530AB-4053-4CF3-BEDE-A3E04C45D255}.Debug|iPhone.ActiveCfg = Debug|Any CPU
		{5A3530AB-4053-4CF3-BEDE-A3E04C45D255}.Debug|iPhone.Build.0 = Debug|Any CPU
		{5A3530AB-4053-4CF3-BEDE-A3E04C45D255}.Debug|iPhoneSimulator.ActiveCfg = Debug|Any CPU
		{5A3530AB-4053-4CF3-BEDE-A3E04C45D255}.Debug|iPhoneSimulator.Build.0 = Debug|Any CPU
		{5A3530AB-4053-4CF3-BEDE-A3E04C45D255}.Debug|x64.ActiveCfg = Debug|Any CPU
		{5A3530AB-4053-4CF3-BEDE-A3E04C45D255}.Debug|x64.Build.0 = Debug|Any CPU
		{5A3530AB-4053-4CF3-BEDE-A3E04C45D255}.Debug|x86.ActiveCfg = Debug|Any CPU
		{5A3530AB-4053-4CF3-BEDE-A3E04C45D255}.Debug|x86.Build.0 = Debug|Any CPU
		{5A3530AB-4053-4CF3-BEDE-A3E04C45D255}.Release|Any CPU.ActiveCfg = Release|Any CPU
		{5A3530AB-4053-4CF3-BEDE-A3E04C45D255}.Release|Any CPU.Build.0 = Release|Any CPU
		{5A3530AB-4053-4CF3-BEDE-A3E04C45D255}.Release|ARM.ActiveCfg = Release|Any CPU
		{5A3530AB-4053-4CF3-BEDE-A3E04C45D255}.Release|ARM.Build.0 = Release|Any CPU
		{5A3530AB-4053-4CF3-BEDE-A3E04C45D255}.Release|iPhone.ActiveCfg = Release|Any CPU
		{5A3530AB-4053-4CF3-BEDE-A3E04C45D255}.Release|iPhone.Build.0 = Release|Any CPU
		{5A3530AB-4053-4CF3-BEDE-A3E04C45D255}.Release|iPhoneSimulator.ActiveCfg = Release|Any CPU
		{5A3530AB-4053-4CF3-BEDE-A3E04C45D255}.Release|iPhoneSimulator.Build.0 = Release|Any CPU
		{5A3530AB-4053-4CF3-BEDE-A3E04C45D255}.Release|x64.ActiveCfg = Release|Any CPU
		{5A3530AB-4053-4CF3-BEDE-A3E04C45D255}.Release|x64.Build.0 = Release|Any CPU
		{5A3530AB-4053-4CF3-BEDE-A3E04C45D255}.Release|x86.ActiveCfg = Release|Any CPU
		{5A3530AB-4053-4CF3-BEDE-A3E04C45D255}.Release|x86.Build.0 = Release|Any CPU
		{1D18D929-1B53-4AF9-9499-14ABB26D257F}.AppStore|Any CPU.ActiveCfg = Release|Any CPU
		{1D18D929-1B53-4AF9-9499-14ABB26D257F}.AppStore|Any CPU.Build.0 = Release|Any CPU
		{1D18D929-1B53-4AF9-9499-14ABB26D257F}.AppStore|ARM.ActiveCfg = Release|Any CPU
		{1D18D929-1B53-4AF9-9499-14ABB26D257F}.AppStore|ARM.Build.0 = Release|Any CPU
		{1D18D929-1B53-4AF9-9499-14ABB26D257F}.AppStore|iPhone.ActiveCfg = Release|Any CPU
		{1D18D929-1B53-4AF9-9499-14ABB26D257F}.AppStore|iPhone.Build.0 = Release|Any CPU
		{1D18D929-1B53-4AF9-9499-14ABB26D257F}.AppStore|iPhoneSimulator.ActiveCfg = Release|Any CPU
		{1D18D929-1B53-4AF9-9499-14ABB26D257F}.AppStore|iPhoneSimulator.Build.0 = Release|Any CPU
		{1D18D929-1B53-4AF9-9499-14ABB26D257F}.AppStore|x64.ActiveCfg = Release|Any CPU
		{1D18D929-1B53-4AF9-9499-14ABB26D257F}.AppStore|x64.Build.0 = Release|Any CPU
		{1D18D929-1B53-4AF9-9499-14ABB26D257F}.AppStore|x86.ActiveCfg = Release|Any CPU
		{1D18D929-1B53-4AF9-9499-14ABB26D257F}.AppStore|x86.Build.0 = Release|Any CPU
		{1D18D929-1B53-4AF9-9499-14ABB26D257F}.Debug|Any CPU.ActiveCfg = Debug|Any CPU
		{1D18D929-1B53-4AF9-9499-14ABB26D257F}.Debug|Any CPU.Build.0 = Debug|Any CPU
		{1D18D929-1B53-4AF9-9499-14ABB26D257F}.Debug|ARM.ActiveCfg = Debug|Any CPU
		{1D18D929-1B53-4AF9-9499-14ABB26D257F}.Debug|ARM.Build.0 = Debug|Any CPU
		{1D18D929-1B53-4AF9-9499-14ABB26D257F}.Debug|iPhone.ActiveCfg = Debug|Any CPU
		{1D18D929-1B53-4AF9-9499-14ABB26D257F}.Debug|iPhone.Build.0 = Debug|Any CPU
		{1D18D929-1B53-4AF9-9499-14ABB26D257F}.Debug|iPhoneSimulator.ActiveCfg = Debug|Any CPU
		{1D18D929-1B53-4AF9-9499-14ABB26D257F}.Debug|iPhoneSimulator.Build.0 = Debug|Any CPU
		{1D18D929-1B53-4AF9-9499-14ABB26D257F}.Debug|x64.ActiveCfg = Debug|Any CPU
		{1D18D929-1B53-4AF9-9499-14ABB26D257F}.Debug|x64.Build.0 = Debug|Any CPU
		{1D18D929-1B53-4AF9-9499-14ABB26D257F}.Debug|x86.ActiveCfg = Debug|Any CPU
		{1D18D929-1B53-4AF9-9499-14ABB26D257F}.Debug|x86.Build.0 = Debug|Any CPU
		{1D18D929-1B53-4AF9-9499-14ABB26D257F}.Release|Any CPU.ActiveCfg = Release|Any CPU
		{1D18D929-1B53-4AF9-9499-14ABB26D257F}.Release|Any CPU.Build.0 = Release|Any CPU
		{1D18D929-1B53-4AF9-9499-14ABB26D257F}.Release|ARM.ActiveCfg = Release|Any CPU
		{1D18D929-1B53-4AF9-9499-14ABB26D257F}.Release|ARM.Build.0 = Release|Any CPU
		{1D18D929-1B53-4AF9-9499-14ABB26D257F}.Release|iPhone.ActiveCfg = Release|Any CPU
		{1D18D929-1B53-4AF9-9499-14ABB26D257F}.Release|iPhone.Build.0 = Release|Any CPU
		{1D18D929-1B53-4AF9-9499-14ABB26D257F}.Release|iPhoneSimulator.ActiveCfg = Release|Any CPU
		{1D18D929-1B53-4AF9-9499-14ABB26D257F}.Release|iPhoneSimulator.Build.0 = Release|Any CPU
		{1D18D929-1B53-4AF9-9499-14ABB26D257F}.Release|x64.ActiveCfg = Release|Any CPU
		{1D18D929-1B53-4AF9-9499-14ABB26D257F}.Release|x64.Build.0 = Release|Any CPU
		{1D18D929-1B53-4AF9-9499-14ABB26D257F}.Release|x86.ActiveCfg = Release|Any CPU
		{1D18D929-1B53-4AF9-9499-14ABB26D257F}.Release|x86.Build.0 = Release|Any CPU
		{1C2073B0-B1E6-4D3B-9D10-B0F278C671E4}.AppStore|Any CPU.ActiveCfg = Release|Any CPU
		{1C2073B0-B1E6-4D3B-9D10-B0F278C671E4}.AppStore|Any CPU.Build.0 = Release|Any CPU
		{1C2073B0-B1E6-4D3B-9D10-B0F278C671E4}.AppStore|ARM.ActiveCfg = Release|Any CPU
		{1C2073B0-B1E6-4D3B-9D10-B0F278C671E4}.AppStore|ARM.Build.0 = Release|Any CPU
		{1C2073B0-B1E6-4D3B-9D10-B0F278C671E4}.AppStore|iPhone.ActiveCfg = Release|Any CPU
		{1C2073B0-B1E6-4D3B-9D10-B0F278C671E4}.AppStore|iPhone.Build.0 = Release|Any CPU
		{1C2073B0-B1E6-4D3B-9D10-B0F278C671E4}.AppStore|iPhoneSimulator.ActiveCfg = Release|Any CPU
		{1C2073B0-B1E6-4D3B-9D10-B0F278C671E4}.AppStore|iPhoneSimulator.Build.0 = Release|Any CPU
		{1C2073B0-B1E6-4D3B-9D10-B0F278C671E4}.AppStore|x64.ActiveCfg = Release|Any CPU
		{1C2073B0-B1E6-4D3B-9D10-B0F278C671E4}.AppStore|x64.Build.0 = Release|Any CPU
		{1C2073B0-B1E6-4D3B-9D10-B0F278C671E4}.AppStore|x86.ActiveCfg = Release|Any CPU
		{1C2073B0-B1E6-4D3B-9D10-B0F278C671E4}.AppStore|x86.Build.0 = Release|Any CPU
		{1C2073B0-B1E6-4D3B-9D10-B0F278C671E4}.Debug|Any CPU.ActiveCfg = Debug|Any CPU
		{1C2073B0-B1E6-4D3B-9D10-B0F278C671E4}.Debug|Any CPU.Build.0 = Debug|Any CPU
		{1C2073B0-B1E6-4D3B-9D10-B0F278C671E4}.Debug|ARM.ActiveCfg = Debug|Any CPU
		{1C2073B0-B1E6-4D3B-9D10-B0F278C671E4}.Debug|ARM.Build.0 = Debug|Any CPU
		{1C2073B0-B1E6-4D3B-9D10-B0F278C671E4}.Debug|iPhone.ActiveCfg = Debug|Any CPU
		{1C2073B0-B1E6-4D3B-9D10-B0F278C671E4}.Debug|iPhoneSimulator.ActiveCfg = Debug|Any CPU
		{1C2073B0-B1E6-4D3B-9D10-B0F278C671E4}.Debug|x64.ActiveCfg = Debug|Any CPU
		{1C2073B0-B1E6-4D3B-9D10-B0F278C671E4}.Debug|x64.Build.0 = Debug|Any CPU
		{1C2073B0-B1E6-4D3B-9D10-B0F278C671E4}.Debug|x86.ActiveCfg = Debug|Any CPU
		{1C2073B0-B1E6-4D3B-9D10-B0F278C671E4}.Debug|x86.Build.0 = Debug|Any CPU
		{1C2073B0-B1E6-4D3B-9D10-B0F278C671E4}.Release|Any CPU.ActiveCfg = Release|Any CPU
		{1C2073B0-B1E6-4D3B-9D10-B0F278C671E4}.Release|Any CPU.Build.0 = Release|Any CPU
		{1C2073B0-B1E6-4D3B-9D10-B0F278C671E4}.Release|ARM.ActiveCfg = Release|Any CPU
		{1C2073B0-B1E6-4D3B-9D10-B0F278C671E4}.Release|ARM.Build.0 = Release|Any CPU
		{1C2073B0-B1E6-4D3B-9D10-B0F278C671E4}.Release|iPhone.ActiveCfg = Release|Any CPU
		{1C2073B0-B1E6-4D3B-9D10-B0F278C671E4}.Release|iPhone.Build.0 = Release|Any CPU
		{1C2073B0-B1E6-4D3B-9D10-B0F278C671E4}.Release|iPhoneSimulator.ActiveCfg = Release|Any CPU
		{1C2073B0-B1E6-4D3B-9D10-B0F278C671E4}.Release|iPhoneSimulator.Build.0 = Release|Any CPU
		{1C2073B0-B1E6-4D3B-9D10-B0F278C671E4}.Release|x64.ActiveCfg = Release|Any CPU
		{1C2073B0-B1E6-4D3B-9D10-B0F278C671E4}.Release|x64.Build.0 = Release|Any CPU
		{1C2073B0-B1E6-4D3B-9D10-B0F278C671E4}.Release|x86.ActiveCfg = Release|Any CPU
		{1C2073B0-B1E6-4D3B-9D10-B0F278C671E4}.Release|x86.Build.0 = Release|Any CPU
		{D480A440-318D-4CD2-A662-17D6179B14DE}.AppStore|Any CPU.ActiveCfg = Release|Any CPU
		{D480A440-318D-4CD2-A662-17D6179B14DE}.AppStore|Any CPU.Build.0 = Release|Any CPU
		{D480A440-318D-4CD2-A662-17D6179B14DE}.AppStore|ARM.ActiveCfg = Release|Any CPU
		{D480A440-318D-4CD2-A662-17D6179B14DE}.AppStore|ARM.Build.0 = Release|Any CPU
		{D480A440-318D-4CD2-A662-17D6179B14DE}.AppStore|iPhone.ActiveCfg = Release|Any CPU
		{D480A440-318D-4CD2-A662-17D6179B14DE}.AppStore|iPhone.Build.0 = Release|Any CPU
		{D480A440-318D-4CD2-A662-17D6179B14DE}.AppStore|iPhoneSimulator.ActiveCfg = Release|Any CPU
		{D480A440-318D-4CD2-A662-17D6179B14DE}.AppStore|iPhoneSimulator.Build.0 = Release|Any CPU
		{D480A440-318D-4CD2-A662-17D6179B14DE}.AppStore|x64.ActiveCfg = Release|Any CPU
		{D480A440-318D-4CD2-A662-17D6179B14DE}.AppStore|x64.Build.0 = Release|Any CPU
		{D480A440-318D-4CD2-A662-17D6179B14DE}.AppStore|x86.ActiveCfg = Release|Any CPU
		{D480A440-318D-4CD2-A662-17D6179B14DE}.AppStore|x86.Build.0 = Release|Any CPU
		{D480A440-318D-4CD2-A662-17D6179B14DE}.Debug|Any CPU.ActiveCfg = Debug|Any CPU
		{D480A440-318D-4CD2-A662-17D6179B14DE}.Debug|Any CPU.Build.0 = Debug|Any CPU
		{D480A440-318D-4CD2-A662-17D6179B14DE}.Debug|ARM.ActiveCfg = Debug|Any CPU
		{D480A440-318D-4CD2-A662-17D6179B14DE}.Debug|ARM.Build.0 = Debug|Any CPU
		{D480A440-318D-4CD2-A662-17D6179B14DE}.Debug|iPhone.ActiveCfg = Debug|Any CPU
		{D480A440-318D-4CD2-A662-17D6179B14DE}.Debug|iPhone.Build.0 = Debug|Any CPU
		{D480A440-318D-4CD2-A662-17D6179B14DE}.Debug|iPhoneSimulator.ActiveCfg = Debug|Any CPU
		{D480A440-318D-4CD2-A662-17D6179B14DE}.Debug|iPhoneSimulator.Build.0 = Debug|Any CPU
		{D480A440-318D-4CD2-A662-17D6179B14DE}.Debug|x64.ActiveCfg = Debug|Any CPU
		{D480A440-318D-4CD2-A662-17D6179B14DE}.Debug|x64.Build.0 = Debug|Any CPU
		{D480A440-318D-4CD2-A662-17D6179B14DE}.Debug|x86.ActiveCfg = Debug|Any CPU
		{D480A440-318D-4CD2-A662-17D6179B14DE}.Debug|x86.Build.0 = Debug|Any CPU
		{D480A440-318D-4CD2-A662-17D6179B14DE}.Release|Any CPU.ActiveCfg = Release|Any CPU
		{D480A440-318D-4CD2-A662-17D6179B14DE}.Release|Any CPU.Build.0 = Release|Any CPU
		{D480A440-318D-4CD2-A662-17D6179B14DE}.Release|ARM.ActiveCfg = Release|Any CPU
		{D480A440-318D-4CD2-A662-17D6179B14DE}.Release|ARM.Build.0 = Release|Any CPU
		{D480A440-318D-4CD2-A662-17D6179B14DE}.Release|iPhone.ActiveCfg = Release|Any CPU
		{D480A440-318D-4CD2-A662-17D6179B14DE}.Release|iPhone.Build.0 = Release|Any CPU
		{D480A440-318D-4CD2-A662-17D6179B14DE}.Release|iPhoneSimulator.ActiveCfg = Release|Any CPU
		{D480A440-318D-4CD2-A662-17D6179B14DE}.Release|iPhoneSimulator.Build.0 = Release|Any CPU
		{D480A440-318D-4CD2-A662-17D6179B14DE}.Release|x64.ActiveCfg = Release|Any CPU
		{D480A440-318D-4CD2-A662-17D6179B14DE}.Release|x64.Build.0 = Release|Any CPU
		{D480A440-318D-4CD2-A662-17D6179B14DE}.Release|x86.ActiveCfg = Release|Any CPU
		{D480A440-318D-4CD2-A662-17D6179B14DE}.Release|x86.Build.0 = Release|Any CPU
		{2C4B0766-DF89-4466-B841-0BA58FD9D19B}.AppStore|Any CPU.ActiveCfg = Release|Any CPU
		{2C4B0766-DF89-4466-B841-0BA58FD9D19B}.AppStore|Any CPU.Build.0 = Release|Any CPU
		{2C4B0766-DF89-4466-B841-0BA58FD9D19B}.AppStore|ARM.ActiveCfg = Release|Any CPU
		{2C4B0766-DF89-4466-B841-0BA58FD9D19B}.AppStore|ARM.Build.0 = Release|Any CPU
		{2C4B0766-DF89-4466-B841-0BA58FD9D19B}.AppStore|iPhone.ActiveCfg = Release|Any CPU
		{2C4B0766-DF89-4466-B841-0BA58FD9D19B}.AppStore|iPhone.Build.0 = Release|Any CPU
		{2C4B0766-DF89-4466-B841-0BA58FD9D19B}.AppStore|iPhoneSimulator.ActiveCfg = Release|Any CPU
		{2C4B0766-DF89-4466-B841-0BA58FD9D19B}.AppStore|iPhoneSimulator.Build.0 = Release|Any CPU
		{2C4B0766-DF89-4466-B841-0BA58FD9D19B}.AppStore|x64.ActiveCfg = Release|Any CPU
		{2C4B0766-DF89-4466-B841-0BA58FD9D19B}.AppStore|x64.Build.0 = Release|Any CPU
		{2C4B0766-DF89-4466-B841-0BA58FD9D19B}.AppStore|x86.ActiveCfg = Release|Any CPU
		{2C4B0766-DF89-4466-B841-0BA58FD9D19B}.AppStore|x86.Build.0 = Release|Any CPU
		{2C4B0766-DF89-4466-B841-0BA58FD9D19B}.Debug|Any CPU.ActiveCfg = Debug|Any CPU
		{2C4B0766-DF89-4466-B841-0BA58FD9D19B}.Debug|Any CPU.Build.0 = Debug|Any CPU
		{2C4B0766-DF89-4466-B841-0BA58FD9D19B}.Debug|ARM.ActiveCfg = Debug|Any CPU
		{2C4B0766-DF89-4466-B841-0BA58FD9D19B}.Debug|ARM.Build.0 = Debug|Any CPU
		{2C4B0766-DF89-4466-B841-0BA58FD9D19B}.Debug|iPhone.ActiveCfg = Debug|Any CPU
		{2C4B0766-DF89-4466-B841-0BA58FD9D19B}.Debug|iPhone.Build.0 = Debug|Any CPU
		{2C4B0766-DF89-4466-B841-0BA58FD9D19B}.Debug|iPhoneSimulator.ActiveCfg = Debug|Any CPU
		{2C4B0766-DF89-4466-B841-0BA58FD9D19B}.Debug|iPhoneSimulator.Build.0 = Debug|Any CPU
		{2C4B0766-DF89-4466-B841-0BA58FD9D19B}.Debug|x64.ActiveCfg = Debug|Any CPU
		{2C4B0766-DF89-4466-B841-0BA58FD9D19B}.Debug|x64.Build.0 = Debug|Any CPU
		{2C4B0766-DF89-4466-B841-0BA58FD9D19B}.Debug|x86.ActiveCfg = Debug|Any CPU
		{2C4B0766-DF89-4466-B841-0BA58FD9D19B}.Debug|x86.Build.0 = Debug|Any CPU
		{2C4B0766-DF89-4466-B841-0BA58FD9D19B}.Release|Any CPU.ActiveCfg = Release|Any CPU
		{2C4B0766-DF89-4466-B841-0BA58FD9D19B}.Release|Any CPU.Build.0 = Release|Any CPU
		{2C4B0766-DF89-4466-B841-0BA58FD9D19B}.Release|ARM.ActiveCfg = Release|Any CPU
		{2C4B0766-DF89-4466-B841-0BA58FD9D19B}.Release|ARM.Build.0 = Release|Any CPU
		{2C4B0766-DF89-4466-B841-0BA58FD9D19B}.Release|iPhone.ActiveCfg = Release|Any CPU
		{2C4B0766-DF89-4466-B841-0BA58FD9D19B}.Release|iPhone.Build.0 = Release|Any CPU
		{2C4B0766-DF89-4466-B841-0BA58FD9D19B}.Release|iPhoneSimulator.ActiveCfg = Release|Any CPU
		{2C4B0766-DF89-4466-B841-0BA58FD9D19B}.Release|iPhoneSimulator.Build.0 = Release|Any CPU
		{2C4B0766-DF89-4466-B841-0BA58FD9D19B}.Release|x64.ActiveCfg = Release|Any CPU
		{2C4B0766-DF89-4466-B841-0BA58FD9D19B}.Release|x64.Build.0 = Release|Any CPU
		{2C4B0766-DF89-4466-B841-0BA58FD9D19B}.Release|x86.ActiveCfg = Release|Any CPU
		{2C4B0766-DF89-4466-B841-0BA58FD9D19B}.Release|x86.Build.0 = Release|Any CPU
		{0B984675-688B-41C6-BEB7-D104DE9158C3}.AppStore|Any CPU.ActiveCfg = Release|Any CPU
		{0B984675-688B-41C6-BEB7-D104DE9158C3}.AppStore|Any CPU.Build.0 = Release|Any CPU
		{0B984675-688B-41C6-BEB7-D104DE9158C3}.AppStore|ARM.ActiveCfg = Release|Any CPU
		{0B984675-688B-41C6-BEB7-D104DE9158C3}.AppStore|ARM.Build.0 = Release|Any CPU
		{0B984675-688B-41C6-BEB7-D104DE9158C3}.AppStore|iPhone.ActiveCfg = Release|Any CPU
		{0B984675-688B-41C6-BEB7-D104DE9158C3}.AppStore|iPhone.Build.0 = Release|Any CPU
		{0B984675-688B-41C6-BEB7-D104DE9158C3}.AppStore|iPhoneSimulator.ActiveCfg = Release|Any CPU
		{0B984675-688B-41C6-BEB7-D104DE9158C3}.AppStore|iPhoneSimulator.Build.0 = Release|Any CPU
		{0B984675-688B-41C6-BEB7-D104DE9158C3}.AppStore|x64.ActiveCfg = Release|Any CPU
		{0B984675-688B-41C6-BEB7-D104DE9158C3}.AppStore|x64.Build.0 = Release|Any CPU
		{0B984675-688B-41C6-BEB7-D104DE9158C3}.AppStore|x86.ActiveCfg = Release|Any CPU
		{0B984675-688B-41C6-BEB7-D104DE9158C3}.AppStore|x86.Build.0 = Release|Any CPU
		{0B984675-688B-41C6-BEB7-D104DE9158C3}.Debug|Any CPU.ActiveCfg = Debug|Any CPU
		{0B984675-688B-41C6-BEB7-D104DE9158C3}.Debug|Any CPU.Build.0 = Debug|Any CPU
		{0B984675-688B-41C6-BEB7-D104DE9158C3}.Debug|ARM.ActiveCfg = Debug|Any CPU
		{0B984675-688B-41C6-BEB7-D104DE9158C3}.Debug|ARM.Build.0 = Debug|Any CPU
		{0B984675-688B-41C6-BEB7-D104DE9158C3}.Debug|iPhone.ActiveCfg = Debug|Any CPU
		{0B984675-688B-41C6-BEB7-D104DE9158C3}.Debug|iPhone.Build.0 = Debug|Any CPU
		{0B984675-688B-41C6-BEB7-D104DE9158C3}.Debug|iPhoneSimulator.ActiveCfg = Debug|Any CPU
		{0B984675-688B-41C6-BEB7-D104DE9158C3}.Debug|iPhoneSimulator.Build.0 = Debug|Any CPU
		{0B984675-688B-41C6-BEB7-D104DE9158C3}.Debug|x64.ActiveCfg = Debug|Any CPU
		{0B984675-688B-41C6-BEB7-D104DE9158C3}.Debug|x64.Build.0 = Debug|Any CPU
		{0B984675-688B-41C6-BEB7-D104DE9158C3}.Debug|x86.ActiveCfg = Debug|Any CPU
		{0B984675-688B-41C6-BEB7-D104DE9158C3}.Debug|x86.Build.0 = Debug|Any CPU
		{0B984675-688B-41C6-BEB7-D104DE9158C3}.Release|Any CPU.ActiveCfg = Release|Any CPU
		{0B984675-688B-41C6-BEB7-D104DE9158C3}.Release|Any CPU.Build.0 = Release|Any CPU
		{0B984675-688B-41C6-BEB7-D104DE9158C3}.Release|ARM.ActiveCfg = Release|Any CPU
		{0B984675-688B-41C6-BEB7-D104DE9158C3}.Release|ARM.Build.0 = Release|Any CPU
		{0B984675-688B-41C6-BEB7-D104DE9158C3}.Release|iPhone.ActiveCfg = Release|Any CPU
		{0B984675-688B-41C6-BEB7-D104DE9158C3}.Release|iPhone.Build.0 = Release|Any CPU
		{0B984675-688B-41C6-BEB7-D104DE9158C3}.Release|iPhoneSimulator.ActiveCfg = Release|Any CPU
		{0B984675-688B-41C6-BEB7-D104DE9158C3}.Release|iPhoneSimulator.Build.0 = Release|Any CPU
		{0B984675-688B-41C6-BEB7-D104DE9158C3}.Release|x64.ActiveCfg = Release|Any CPU
		{0B984675-688B-41C6-BEB7-D104DE9158C3}.Release|x64.Build.0 = Release|Any CPU
		{0B984675-688B-41C6-BEB7-D104DE9158C3}.Release|x86.ActiveCfg = Release|Any CPU
		{0B984675-688B-41C6-BEB7-D104DE9158C3}.Release|x86.Build.0 = Release|Any CPU
		{15C900F1-B137-4C18-8EDE-B47CC38A29F6}.AppStore|Any CPU.ActiveCfg = Release|Any CPU
		{15C900F1-B137-4C18-8EDE-B47CC38A29F6}.AppStore|Any CPU.Build.0 = Release|Any CPU
		{15C900F1-B137-4C18-8EDE-B47CC38A29F6}.AppStore|ARM.ActiveCfg = Release|Any CPU
		{15C900F1-B137-4C18-8EDE-B47CC38A29F6}.AppStore|ARM.Build.0 = Release|Any CPU
		{15C900F1-B137-4C18-8EDE-B47CC38A29F6}.AppStore|iPhone.ActiveCfg = Release|Any CPU
		{15C900F1-B137-4C18-8EDE-B47CC38A29F6}.AppStore|iPhone.Build.0 = Release|Any CPU
		{15C900F1-B137-4C18-8EDE-B47CC38A29F6}.AppStore|iPhoneSimulator.ActiveCfg = Release|Any CPU
		{15C900F1-B137-4C18-8EDE-B47CC38A29F6}.AppStore|iPhoneSimulator.Build.0 = Release|Any CPU
		{15C900F1-B137-4C18-8EDE-B47CC38A29F6}.AppStore|x64.ActiveCfg = Release|Any CPU
		{15C900F1-B137-4C18-8EDE-B47CC38A29F6}.AppStore|x64.Build.0 = Release|Any CPU
		{15C900F1-B137-4C18-8EDE-B47CC38A29F6}.AppStore|x86.ActiveCfg = Release|Any CPU
		{15C900F1-B137-4C18-8EDE-B47CC38A29F6}.AppStore|x86.Build.0 = Release|Any CPU
		{15C900F1-B137-4C18-8EDE-B47CC38A29F6}.Debug|Any CPU.ActiveCfg = Debug|Any CPU
		{15C900F1-B137-4C18-8EDE-B47CC38A29F6}.Debug|Any CPU.Build.0 = Debug|Any CPU
		{15C900F1-B137-4C18-8EDE-B47CC38A29F6}.Debug|ARM.ActiveCfg = Debug|Any CPU
		{15C900F1-B137-4C18-8EDE-B47CC38A29F6}.Debug|ARM.Build.0 = Debug|Any CPU
		{15C900F1-B137-4C18-8EDE-B47CC38A29F6}.Debug|iPhone.ActiveCfg = Debug|Any CPU
		{15C900F1-B137-4C18-8EDE-B47CC38A29F6}.Debug|iPhone.Build.0 = Debug|Any CPU
		{15C900F1-B137-4C18-8EDE-B47CC38A29F6}.Debug|iPhoneSimulator.ActiveCfg = Debug|Any CPU
		{15C900F1-B137-4C18-8EDE-B47CC38A29F6}.Debug|iPhoneSimulator.Build.0 = Debug|Any CPU
		{15C900F1-B137-4C18-8EDE-B47CC38A29F6}.Debug|x64.ActiveCfg = Debug|Any CPU
		{15C900F1-B137-4C18-8EDE-B47CC38A29F6}.Debug|x64.Build.0 = Debug|Any CPU
		{15C900F1-B137-4C18-8EDE-B47CC38A29F6}.Debug|x86.ActiveCfg = Debug|Any CPU
		{15C900F1-B137-4C18-8EDE-B47CC38A29F6}.Debug|x86.Build.0 = Debug|Any CPU
		{15C900F1-B137-4C18-8EDE-B47CC38A29F6}.Release|Any CPU.ActiveCfg = Release|Any CPU
		{15C900F1-B137-4C18-8EDE-B47CC38A29F6}.Release|Any CPU.Build.0 = Release|Any CPU
		{15C900F1-B137-4C18-8EDE-B47CC38A29F6}.Release|ARM.ActiveCfg = Release|Any CPU
		{15C900F1-B137-4C18-8EDE-B47CC38A29F6}.Release|ARM.Build.0 = Release|Any CPU
		{15C900F1-B137-4C18-8EDE-B47CC38A29F6}.Release|iPhone.ActiveCfg = Release|Any CPU
		{15C900F1-B137-4C18-8EDE-B47CC38A29F6}.Release|iPhone.Build.0 = Release|Any CPU
		{15C900F1-B137-4C18-8EDE-B47CC38A29F6}.Release|iPhoneSimulator.ActiveCfg = Release|Any CPU
		{15C900F1-B137-4C18-8EDE-B47CC38A29F6}.Release|iPhoneSimulator.Build.0 = Release|Any CPU
		{15C900F1-B137-4C18-8EDE-B47CC38A29F6}.Release|x64.ActiveCfg = Release|Any CPU
		{15C900F1-B137-4C18-8EDE-B47CC38A29F6}.Release|x64.Build.0 = Release|Any CPU
		{15C900F1-B137-4C18-8EDE-B47CC38A29F6}.Release|x86.ActiveCfg = Release|Any CPU
		{15C900F1-B137-4C18-8EDE-B47CC38A29F6}.Release|x86.Build.0 = Release|Any CPU
		{BEA6223D-5769-4151-B40D-87FE22E4EABF}.AppStore|Any CPU.ActiveCfg = Release|Any CPU
		{BEA6223D-5769-4151-B40D-87FE22E4EABF}.AppStore|Any CPU.Build.0 = Release|Any CPU
		{BEA6223D-5769-4151-B40D-87FE22E4EABF}.AppStore|Any CPU.Deploy.0 = Release|Any CPU
		{BEA6223D-5769-4151-B40D-87FE22E4EABF}.AppStore|ARM.ActiveCfg = Release|Any CPU
		{BEA6223D-5769-4151-B40D-87FE22E4EABF}.AppStore|ARM.Build.0 = Release|Any CPU
		{BEA6223D-5769-4151-B40D-87FE22E4EABF}.AppStore|ARM.Deploy.0 = Release|Any CPU
		{BEA6223D-5769-4151-B40D-87FE22E4EABF}.AppStore|iPhone.ActiveCfg = Release|Any CPU
		{BEA6223D-5769-4151-B40D-87FE22E4EABF}.AppStore|iPhone.Build.0 = Release|Any CPU
		{BEA6223D-5769-4151-B40D-87FE22E4EABF}.AppStore|iPhone.Deploy.0 = Release|Any CPU
		{BEA6223D-5769-4151-B40D-87FE22E4EABF}.AppStore|iPhoneSimulator.ActiveCfg = Release|Any CPU
		{BEA6223D-5769-4151-B40D-87FE22E4EABF}.AppStore|iPhoneSimulator.Build.0 = Release|Any CPU
		{BEA6223D-5769-4151-B40D-87FE22E4EABF}.AppStore|iPhoneSimulator.Deploy.0 = Release|Any CPU
		{BEA6223D-5769-4151-B40D-87FE22E4EABF}.AppStore|x64.ActiveCfg = Release|Any CPU
		{BEA6223D-5769-4151-B40D-87FE22E4EABF}.AppStore|x64.Build.0 = Release|Any CPU
		{BEA6223D-5769-4151-B40D-87FE22E4EABF}.AppStore|x64.Deploy.0 = Release|Any CPU
		{BEA6223D-5769-4151-B40D-87FE22E4EABF}.AppStore|x86.ActiveCfg = Release|Any CPU
		{BEA6223D-5769-4151-B40D-87FE22E4EABF}.AppStore|x86.Build.0 = Release|Any CPU
		{BEA6223D-5769-4151-B40D-87FE22E4EABF}.AppStore|x86.Deploy.0 = Release|Any CPU
		{BEA6223D-5769-4151-B40D-87FE22E4EABF}.Debug|Any CPU.ActiveCfg = Debug|Any CPU
		{BEA6223D-5769-4151-B40D-87FE22E4EABF}.Debug|Any CPU.Build.0 = Debug|Any CPU
		{BEA6223D-5769-4151-B40D-87FE22E4EABF}.Debug|Any CPU.Deploy.0 = Debug|Any CPU
		{BEA6223D-5769-4151-B40D-87FE22E4EABF}.Debug|ARM.ActiveCfg = Debug|Any CPU
		{BEA6223D-5769-4151-B40D-87FE22E4EABF}.Debug|ARM.Build.0 = Debug|Any CPU
		{BEA6223D-5769-4151-B40D-87FE22E4EABF}.Debug|ARM.Deploy.0 = Debug|Any CPU
		{BEA6223D-5769-4151-B40D-87FE22E4EABF}.Debug|iPhone.ActiveCfg = Debug|Any CPU
		{BEA6223D-5769-4151-B40D-87FE22E4EABF}.Debug|iPhone.Build.0 = Debug|Any CPU
		{BEA6223D-5769-4151-B40D-87FE22E4EABF}.Debug|iPhone.Deploy.0 = Debug|Any CPU
		{BEA6223D-5769-4151-B40D-87FE22E4EABF}.Debug|iPhoneSimulator.ActiveCfg = Debug|Any CPU
		{BEA6223D-5769-4151-B40D-87FE22E4EABF}.Debug|iPhoneSimulator.Build.0 = Debug|Any CPU
		{BEA6223D-5769-4151-B40D-87FE22E4EABF}.Debug|iPhoneSimulator.Deploy.0 = Debug|Any CPU
		{BEA6223D-5769-4151-B40D-87FE22E4EABF}.Debug|x64.ActiveCfg = Debug|Any CPU
		{BEA6223D-5769-4151-B40D-87FE22E4EABF}.Debug|x64.Build.0 = Debug|Any CPU
		{BEA6223D-5769-4151-B40D-87FE22E4EABF}.Debug|x64.Deploy.0 = Debug|Any CPU
		{BEA6223D-5769-4151-B40D-87FE22E4EABF}.Debug|x86.ActiveCfg = Debug|Any CPU
		{BEA6223D-5769-4151-B40D-87FE22E4EABF}.Debug|x86.Build.0 = Debug|Any CPU
		{BEA6223D-5769-4151-B40D-87FE22E4EABF}.Debug|x86.Deploy.0 = Debug|Any CPU
		{BEA6223D-5769-4151-B40D-87FE22E4EABF}.Release|Any CPU.ActiveCfg = Release|Any CPU
		{BEA6223D-5769-4151-B40D-87FE22E4EABF}.Release|Any CPU.Build.0 = Release|Any CPU
		{BEA6223D-5769-4151-B40D-87FE22E4EABF}.Release|Any CPU.Deploy.0 = Release|Any CPU
		{BEA6223D-5769-4151-B40D-87FE22E4EABF}.Release|ARM.ActiveCfg = Release|Any CPU
		{BEA6223D-5769-4151-B40D-87FE22E4EABF}.Release|ARM.Build.0 = Release|Any CPU
		{BEA6223D-5769-4151-B40D-87FE22E4EABF}.Release|ARM.Deploy.0 = Release|Any CPU
		{BEA6223D-5769-4151-B40D-87FE22E4EABF}.Release|iPhone.ActiveCfg = Release|Any CPU
		{BEA6223D-5769-4151-B40D-87FE22E4EABF}.Release|iPhone.Build.0 = Release|Any CPU
		{BEA6223D-5769-4151-B40D-87FE22E4EABF}.Release|iPhone.Deploy.0 = Release|Any CPU
		{BEA6223D-5769-4151-B40D-87FE22E4EABF}.Release|iPhoneSimulator.ActiveCfg = Release|Any CPU
		{BEA6223D-5769-4151-B40D-87FE22E4EABF}.Release|iPhoneSimulator.Build.0 = Release|Any CPU
		{BEA6223D-5769-4151-B40D-87FE22E4EABF}.Release|iPhoneSimulator.Deploy.0 = Release|Any CPU
		{BEA6223D-5769-4151-B40D-87FE22E4EABF}.Release|x64.ActiveCfg = Release|Any CPU
		{BEA6223D-5769-4151-B40D-87FE22E4EABF}.Release|x64.Build.0 = Release|Any CPU
		{BEA6223D-5769-4151-B40D-87FE22E4EABF}.Release|x64.Deploy.0 = Release|Any CPU
		{BEA6223D-5769-4151-B40D-87FE22E4EABF}.Release|x86.ActiveCfg = Release|Any CPU
		{BEA6223D-5769-4151-B40D-87FE22E4EABF}.Release|x86.Build.0 = Release|Any CPU
		{BEA6223D-5769-4151-B40D-87FE22E4EABF}.Release|x86.Deploy.0 = Release|Any CPU
		{56EC8D4C-E427-46FC-97E0-D9388C384105}.AppStore|Any CPU.ActiveCfg = AppStore|iPhone
		{56EC8D4C-E427-46FC-97E0-D9388C384105}.AppStore|ARM.ActiveCfg = AppStore|iPhone
		{56EC8D4C-E427-46FC-97E0-D9388C384105}.AppStore|iPhone.ActiveCfg = AppStore|iPhone
		{56EC8D4C-E427-46FC-97E0-D9388C384105}.AppStore|iPhone.Build.0 = AppStore|iPhone
		{56EC8D4C-E427-46FC-97E0-D9388C384105}.AppStore|iPhoneSimulator.ActiveCfg = AppStore|iPhoneSimulator
		{56EC8D4C-E427-46FC-97E0-D9388C384105}.AppStore|iPhoneSimulator.Build.0 = AppStore|iPhoneSimulator
		{56EC8D4C-E427-46FC-97E0-D9388C384105}.AppStore|x64.ActiveCfg = AppStore|iPhone
		{56EC8D4C-E427-46FC-97E0-D9388C384105}.AppStore|x86.ActiveCfg = AppStore|iPhone
		{56EC8D4C-E427-46FC-97E0-D9388C384105}.Debug|Any CPU.ActiveCfg = Debug|iPhone
		{56EC8D4C-E427-46FC-97E0-D9388C384105}.Debug|Any CPU.Build.0 = Debug|iPhone
		{56EC8D4C-E427-46FC-97E0-D9388C384105}.Debug|ARM.ActiveCfg = Debug|iPhone
		{56EC8D4C-E427-46FC-97E0-D9388C384105}.Debug|iPhone.ActiveCfg = Debug|iPhone
		{56EC8D4C-E427-46FC-97E0-D9388C384105}.Debug|iPhone.Build.0 = Debug|iPhone
		{56EC8D4C-E427-46FC-97E0-D9388C384105}.Debug|iPhoneSimulator.ActiveCfg = Debug|iPhoneSimulator
		{56EC8D4C-E427-46FC-97E0-D9388C384105}.Debug|iPhoneSimulator.Build.0 = Debug|iPhoneSimulator
		{56EC8D4C-E427-46FC-97E0-D9388C384105}.Debug|x64.ActiveCfg = Debug|iPhone
		{56EC8D4C-E427-46FC-97E0-D9388C384105}.Debug|x86.ActiveCfg = Debug|iPhone
		{56EC8D4C-E427-46FC-97E0-D9388C384105}.Release|Any CPU.ActiveCfg = Release|iPhone
		{56EC8D4C-E427-46FC-97E0-D9388C384105}.Release|ARM.ActiveCfg = Release|iPhone
		{56EC8D4C-E427-46FC-97E0-D9388C384105}.Release|iPhone.ActiveCfg = Release|iPhone
		{56EC8D4C-E427-46FC-97E0-D9388C384105}.Release|iPhone.Build.0 = Release|iPhone
		{56EC8D4C-E427-46FC-97E0-D9388C384105}.Release|iPhoneSimulator.ActiveCfg = Release|iPhoneSimulator
		{56EC8D4C-E427-46FC-97E0-D9388C384105}.Release|iPhoneSimulator.Build.0 = Release|iPhoneSimulator
		{56EC8D4C-E427-46FC-97E0-D9388C384105}.Release|x64.ActiveCfg = Release|iPhone
		{56EC8D4C-E427-46FC-97E0-D9388C384105}.Release|x86.ActiveCfg = Release|iPhone
		{7C802F39-C442-4C34-85B4-6CA4A26ACCBB}.AppStore|Any CPU.ActiveCfg = Release|x64
		{7C802F39-C442-4C34-85B4-6CA4A26ACCBB}.AppStore|Any CPU.Build.0 = Release|x64
		{7C802F39-C442-4C34-85B4-6CA4A26ACCBB}.AppStore|Any CPU.Deploy.0 = Release|x64
		{7C802F39-C442-4C34-85B4-6CA4A26ACCBB}.AppStore|ARM.ActiveCfg = Release|ARM
		{7C802F39-C442-4C34-85B4-6CA4A26ACCBB}.AppStore|ARM.Build.0 = Release|ARM
		{7C802F39-C442-4C34-85B4-6CA4A26ACCBB}.AppStore|ARM.Deploy.0 = Release|ARM
		{7C802F39-C442-4C34-85B4-6CA4A26ACCBB}.AppStore|iPhone.ActiveCfg = Release|x64
		{7C802F39-C442-4C34-85B4-6CA4A26ACCBB}.AppStore|iPhone.Build.0 = Release|x64
		{7C802F39-C442-4C34-85B4-6CA4A26ACCBB}.AppStore|iPhone.Deploy.0 = Release|x64
		{7C802F39-C442-4C34-85B4-6CA4A26ACCBB}.AppStore|iPhoneSimulator.ActiveCfg = Release|x64
		{7C802F39-C442-4C34-85B4-6CA4A26ACCBB}.AppStore|iPhoneSimulator.Build.0 = Release|x64
		{7C802F39-C442-4C34-85B4-6CA4A26ACCBB}.AppStore|iPhoneSimulator.Deploy.0 = Release|x64
		{7C802F39-C442-4C34-85B4-6CA4A26ACCBB}.AppStore|x64.ActiveCfg = Release|x64
		{7C802F39-C442-4C34-85B4-6CA4A26ACCBB}.AppStore|x64.Build.0 = Release|x64
		{7C802F39-C442-4C34-85B4-6CA4A26ACCBB}.AppStore|x64.Deploy.0 = Release|x64
		{7C802F39-C442-4C34-85B4-6CA4A26ACCBB}.AppStore|x86.ActiveCfg = Release|x86
		{7C802F39-C442-4C34-85B4-6CA4A26ACCBB}.AppStore|x86.Build.0 = Release|x86
		{7C802F39-C442-4C34-85B4-6CA4A26ACCBB}.AppStore|x86.Deploy.0 = Release|x86
		{7C802F39-C442-4C34-85B4-6CA4A26ACCBB}.Debug|Any CPU.ActiveCfg = Debug|x86
		{7C802F39-C442-4C34-85B4-6CA4A26ACCBB}.Debug|Any CPU.Build.0 = Debug|x86
		{7C802F39-C442-4C34-85B4-6CA4A26ACCBB}.Debug|Any CPU.Deploy.0 = Debug|x86
		{7C802F39-C442-4C34-85B4-6CA4A26ACCBB}.Debug|ARM.ActiveCfg = Debug|ARM
		{7C802F39-C442-4C34-85B4-6CA4A26ACCBB}.Debug|ARM.Build.0 = Debug|ARM
		{7C802F39-C442-4C34-85B4-6CA4A26ACCBB}.Debug|ARM.Deploy.0 = Debug|ARM
		{7C802F39-C442-4C34-85B4-6CA4A26ACCBB}.Debug|iPhone.ActiveCfg = Debug|x86
		{7C802F39-C442-4C34-85B4-6CA4A26ACCBB}.Debug|iPhone.Build.0 = Debug|x86
		{7C802F39-C442-4C34-85B4-6CA4A26ACCBB}.Debug|iPhone.Deploy.0 = Debug|x86
		{7C802F39-C442-4C34-85B4-6CA4A26ACCBB}.Debug|iPhoneSimulator.ActiveCfg = Debug|x86
		{7C802F39-C442-4C34-85B4-6CA4A26ACCBB}.Debug|x64.ActiveCfg = Debug|x64
		{7C802F39-C442-4C34-85B4-6CA4A26ACCBB}.Debug|x64.Build.0 = Debug|x64
		{7C802F39-C442-4C34-85B4-6CA4A26ACCBB}.Debug|x64.Deploy.0 = Debug|x64
		{7C802F39-C442-4C34-85B4-6CA4A26ACCBB}.Debug|x86.ActiveCfg = Debug|x86
		{7C802F39-C442-4C34-85B4-6CA4A26ACCBB}.Debug|x86.Build.0 = Debug|x86
		{7C802F39-C442-4C34-85B4-6CA4A26ACCBB}.Debug|x86.Deploy.0 = Debug|x86
		{7C802F39-C442-4C34-85B4-6CA4A26ACCBB}.Release|Any CPU.ActiveCfg = Release|x86
		{7C802F39-C442-4C34-85B4-6CA4A26ACCBB}.Release|ARM.ActiveCfg = Release|ARM
		{7C802F39-C442-4C34-85B4-6CA4A26ACCBB}.Release|ARM.Build.0 = Release|ARM
		{7C802F39-C442-4C34-85B4-6CA4A26ACCBB}.Release|ARM.Deploy.0 = Release|ARM
		{7C802F39-C442-4C34-85B4-6CA4A26ACCBB}.Release|iPhone.ActiveCfg = Release|x86
		{7C802F39-C442-4C34-85B4-6CA4A26ACCBB}.Release|iPhone.Build.0 = Release|x86
		{7C802F39-C442-4C34-85B4-6CA4A26ACCBB}.Release|iPhone.Deploy.0 = Release|x86
		{7C802F39-C442-4C34-85B4-6CA4A26ACCBB}.Release|iPhoneSimulator.ActiveCfg = Release|x86
		{7C802F39-C442-4C34-85B4-6CA4A26ACCBB}.Release|x64.ActiveCfg = Release|x64
		{7C802F39-C442-4C34-85B4-6CA4A26ACCBB}.Release|x64.Build.0 = Release|x64
		{7C802F39-C442-4C34-85B4-6CA4A26ACCBB}.Release|x64.Deploy.0 = Release|x64
		{7C802F39-C442-4C34-85B4-6CA4A26ACCBB}.Release|x86.ActiveCfg = Release|x86
		{7C802F39-C442-4C34-85B4-6CA4A26ACCBB}.Release|x86.Build.0 = Release|x86
		{7C802F39-C442-4C34-85B4-6CA4A26ACCBB}.Release|x86.Deploy.0 = Release|x86
		{388368C3-E31E-4EEE-A3A2-755777D8206E}.AppStore|Any CPU.ActiveCfg = Release|Any CPU
		{388368C3-E31E-4EEE-A3A2-755777D8206E}.AppStore|Any CPU.Build.0 = Release|Any CPU
		{388368C3-E31E-4EEE-A3A2-755777D8206E}.AppStore|ARM.ActiveCfg = Release|Any CPU
		{388368C3-E31E-4EEE-A3A2-755777D8206E}.AppStore|ARM.Build.0 = Release|Any CPU
		{388368C3-E31E-4EEE-A3A2-755777D8206E}.AppStore|iPhone.ActiveCfg = Release|Any CPU
		{388368C3-E31E-4EEE-A3A2-755777D8206E}.AppStore|iPhone.Build.0 = Release|Any CPU
		{388368C3-E31E-4EEE-A3A2-755777D8206E}.AppStore|iPhoneSimulator.ActiveCfg = Release|Any CPU
		{388368C3-E31E-4EEE-A3A2-755777D8206E}.AppStore|iPhoneSimulator.Build.0 = Release|Any CPU
		{388368C3-E31E-4EEE-A3A2-755777D8206E}.AppStore|x64.ActiveCfg = Release|Any CPU
		{388368C3-E31E-4EEE-A3A2-755777D8206E}.AppStore|x64.Build.0 = Release|Any CPU
		{388368C3-E31E-4EEE-A3A2-755777D8206E}.AppStore|x86.ActiveCfg = Release|Any CPU
		{388368C3-E31E-4EEE-A3A2-755777D8206E}.AppStore|x86.Build.0 = Release|Any CPU
		{388368C3-E31E-4EEE-A3A2-755777D8206E}.Debug|Any CPU.ActiveCfg = Debug|Any CPU
		{388368C3-E31E-4EEE-A3A2-755777D8206E}.Debug|Any CPU.Build.0 = Debug|Any CPU
		{388368C3-E31E-4EEE-A3A2-755777D8206E}.Debug|ARM.ActiveCfg = Debug|Any CPU
		{388368C3-E31E-4EEE-A3A2-755777D8206E}.Debug|ARM.Build.0 = Debug|Any CPU
		{388368C3-E31E-4EEE-A3A2-755777D8206E}.Debug|iPhone.ActiveCfg = Debug|Any CPU
		{388368C3-E31E-4EEE-A3A2-755777D8206E}.Debug|iPhone.Build.0 = Debug|Any CPU
		{388368C3-E31E-4EEE-A3A2-755777D8206E}.Debug|iPhoneSimulator.ActiveCfg = Debug|Any CPU
		{388368C3-E31E-4EEE-A3A2-755777D8206E}.Debug|iPhoneSimulator.Build.0 = Debug|Any CPU
		{388368C3-E31E-4EEE-A3A2-755777D8206E}.Debug|x64.ActiveCfg = Debug|Any CPU
		{388368C3-E31E-4EEE-A3A2-755777D8206E}.Debug|x64.Build.0 = Debug|Any CPU
		{388368C3-E31E-4EEE-A3A2-755777D8206E}.Debug|x86.ActiveCfg = Debug|Any CPU
		{388368C3-E31E-4EEE-A3A2-755777D8206E}.Debug|x86.Build.0 = Debug|Any CPU
		{388368C3-E31E-4EEE-A3A2-755777D8206E}.Release|Any CPU.ActiveCfg = Release|Any CPU
		{388368C3-E31E-4EEE-A3A2-755777D8206E}.Release|Any CPU.Build.0 = Release|Any CPU
		{388368C3-E31E-4EEE-A3A2-755777D8206E}.Release|ARM.ActiveCfg = Release|Any CPU
		{388368C3-E31E-4EEE-A3A2-755777D8206E}.Release|ARM.Build.0 = Release|Any CPU
		{388368C3-E31E-4EEE-A3A2-755777D8206E}.Release|iPhone.ActiveCfg = Release|Any CPU
		{388368C3-E31E-4EEE-A3A2-755777D8206E}.Release|iPhone.Build.0 = Release|Any CPU
		{388368C3-E31E-4EEE-A3A2-755777D8206E}.Release|iPhoneSimulator.ActiveCfg = Release|Any CPU
		{388368C3-E31E-4EEE-A3A2-755777D8206E}.Release|iPhoneSimulator.Build.0 = Release|Any CPU
		{388368C3-E31E-4EEE-A3A2-755777D8206E}.Release|x64.ActiveCfg = Release|Any CPU
		{388368C3-E31E-4EEE-A3A2-755777D8206E}.Release|x64.Build.0 = Release|Any CPU
		{388368C3-E31E-4EEE-A3A2-755777D8206E}.Release|x86.ActiveCfg = Release|Any CPU
		{388368C3-E31E-4EEE-A3A2-755777D8206E}.Release|x86.Build.0 = Release|Any CPU
		{ED10B823-AA77-4142-919F-6A42C4D087A9}.AppStore|Any CPU.ActiveCfg = Release|Any CPU
		{ED10B823-AA77-4142-919F-6A42C4D087A9}.AppStore|Any CPU.Build.0 = Release|Any CPU
		{ED10B823-AA77-4142-919F-6A42C4D087A9}.AppStore|ARM.ActiveCfg = Release|Any CPU
		{ED10B823-AA77-4142-919F-6A42C4D087A9}.AppStore|ARM.Build.0 = Release|Any CPU
		{ED10B823-AA77-4142-919F-6A42C4D087A9}.AppStore|iPhone.ActiveCfg = Release|Any CPU
		{ED10B823-AA77-4142-919F-6A42C4D087A9}.AppStore|iPhone.Build.0 = Release|Any CPU
		{ED10B823-AA77-4142-919F-6A42C4D087A9}.AppStore|iPhoneSimulator.ActiveCfg = Release|Any CPU
		{ED10B823-AA77-4142-919F-6A42C4D087A9}.AppStore|iPhoneSimulator.Build.0 = Release|Any CPU
		{ED10B823-AA77-4142-919F-6A42C4D087A9}.AppStore|x64.ActiveCfg = Release|Any CPU
		{ED10B823-AA77-4142-919F-6A42C4D087A9}.AppStore|x64.Build.0 = Release|Any CPU
		{ED10B823-AA77-4142-919F-6A42C4D087A9}.AppStore|x86.ActiveCfg = Release|Any CPU
		{ED10B823-AA77-4142-919F-6A42C4D087A9}.AppStore|x86.Build.0 = Release|Any CPU
		{ED10B823-AA77-4142-919F-6A42C4D087A9}.Debug|Any CPU.ActiveCfg = Debug|Any CPU
		{ED10B823-AA77-4142-919F-6A42C4D087A9}.Debug|Any CPU.Build.0 = Debug|Any CPU
		{ED10B823-AA77-4142-919F-6A42C4D087A9}.Debug|ARM.ActiveCfg = Debug|Any CPU
		{ED10B823-AA77-4142-919F-6A42C4D087A9}.Debug|ARM.Build.0 = Debug|Any CPU
		{ED10B823-AA77-4142-919F-6A42C4D087A9}.Debug|iPhone.ActiveCfg = Debug|Any CPU
		{ED10B823-AA77-4142-919F-6A42C4D087A9}.Debug|iPhone.Build.0 = Debug|Any CPU
		{ED10B823-AA77-4142-919F-6A42C4D087A9}.Debug|iPhoneSimulator.ActiveCfg = Debug|Any CPU
		{ED10B823-AA77-4142-919F-6A42C4D087A9}.Debug|iPhoneSimulator.Build.0 = Debug|Any CPU
		{ED10B823-AA77-4142-919F-6A42C4D087A9}.Debug|x64.ActiveCfg = Debug|Any CPU
		{ED10B823-AA77-4142-919F-6A42C4D087A9}.Debug|x64.Build.0 = Debug|Any CPU
		{ED10B823-AA77-4142-919F-6A42C4D087A9}.Debug|x86.ActiveCfg = Debug|Any CPU
		{ED10B823-AA77-4142-919F-6A42C4D087A9}.Debug|x86.Build.0 = Debug|Any CPU
		{ED10B823-AA77-4142-919F-6A42C4D087A9}.Release|Any CPU.ActiveCfg = Release|Any CPU
		{ED10B823-AA77-4142-919F-6A42C4D087A9}.Release|Any CPU.Build.0 = Release|Any CPU
		{ED10B823-AA77-4142-919F-6A42C4D087A9}.Release|ARM.ActiveCfg = Release|Any CPU
		{ED10B823-AA77-4142-919F-6A42C4D087A9}.Release|ARM.Build.0 = Release|Any CPU
		{ED10B823-AA77-4142-919F-6A42C4D087A9}.Release|iPhone.ActiveCfg = Release|Any CPU
		{ED10B823-AA77-4142-919F-6A42C4D087A9}.Release|iPhone.Build.0 = Release|Any CPU
		{ED10B823-AA77-4142-919F-6A42C4D087A9}.Release|iPhoneSimulator.ActiveCfg = Release|Any CPU
		{ED10B823-AA77-4142-919F-6A42C4D087A9}.Release|iPhoneSimulator.Build.0 = Release|Any CPU
		{ED10B823-AA77-4142-919F-6A42C4D087A9}.Release|x64.ActiveCfg = Release|Any CPU
		{ED10B823-AA77-4142-919F-6A42C4D087A9}.Release|x64.Build.0 = Release|Any CPU
		{ED10B823-AA77-4142-919F-6A42C4D087A9}.Release|x86.ActiveCfg = Release|Any CPU
		{ED10B823-AA77-4142-919F-6A42C4D087A9}.Release|x86.Build.0 = Release|Any CPU
	EndGlobalSection
	GlobalSection(SolutionProperties) = preSolution
		HideSolutionNode = FALSE
	EndGlobalSection
	GlobalSection(NestedProjects) = preSolution
		{5A3530AB-4053-4CF3-BEDE-A3E04C45D255} = {C452A2D9-C10D-487C-8004-22C90652D0F3}
		{1D18D929-1B53-4AF9-9499-14ABB26D257F} = {C452A2D9-C10D-487C-8004-22C90652D0F3}
		{1C2073B0-B1E6-4D3B-9D10-B0F278C671E4} = {C452A2D9-C10D-487C-8004-22C90652D0F3}
		{D480A440-318D-4CD2-A662-17D6179B14DE} = {C452A2D9-C10D-487C-8004-22C90652D0F3}
		{2C4B0766-DF89-4466-B841-0BA58FD9D19B} = {C452A2D9-C10D-487C-8004-22C90652D0F3}
		{0B984675-688B-41C6-BEB7-D104DE9158C3} = {C452A2D9-C10D-487C-8004-22C90652D0F3}
		{15C900F1-B137-4C18-8EDE-B47CC38A29F6} = {28305A31-DC3F-4B74-BF51-B6002B76530A}
		{BEA6223D-5769-4151-B40D-87FE22E4EABF} = {28305A31-DC3F-4B74-BF51-B6002B76530A}
		{56EC8D4C-E427-46FC-97E0-D9388C384105} = {28305A31-DC3F-4B74-BF51-B6002B76530A}
		{7C802F39-C442-4C34-85B4-6CA4A26ACCBB} = {28305A31-DC3F-4B74-BF51-B6002B76530A}
		{ED10B823-AA77-4142-919F-6A42C4D087A9} = {C452A2D9-C10D-487C-8004-22C90652D0F3}
	EndGlobalSection
EndGlobal
